
Microsoft Visual Studio Solution File, Format Version 12.00
Project("{FAE04EC0-301F-11D3-BF4B-00C04F79EFBC}") = "Strategy", "Strategy\Strategy.csproj", "{75B55B0A-7232-4D26-BCDA-779A93A9B1BC}"
EndProject
Global
	GlobalSection(SolutionConfigurationPlatforms) = preSolution
		Debug|Any CPU = Debug|Any CPU
		Release|Any CPU = Release|Any CPU
	EndGlobalSection
	GlobalSection(ProjectConfigurationPlatforms) = postSolution
		{75B55B0A-7232-4D26-BCDA-779A93A9B1BC}.Debug|Any CPU.ActiveCfg = Debug|Any CPU
		{75B55B0A-7232-4D26-BCDA-779A93A9B1BC}.Debug|Any CPU.Build.0 = Debug|Any CPU
		{75B55B0A-7232-4D26-BCDA-779A93A9B1BC}.Release|Any CPU.ActiveCfg = Release|Any CPU
		{75B55B0A-7232-4D26-BCDA-779A93A9B1BC}.Release|Any CPU.Build.0 = Release|Any CPU
	EndGlobalSection
EndGlobal
